// !$*UTF8*$!
{
	archiveVersion = 1;
	classes = {
	};
	objectVersion = 56;
	objects = {

/* Begin PBXBuildFile section */
		A36257842C022D22005268FC /* OnboardDeviceView.swift in Sources */ = {isa = PBXBuildFile; fileRef = A36257832C022D22005268FC /* OnboardDeviceView.swift */; };
		A36257862C024A60005268FC /* GestureStartView.swift in Sources */ = {isa = PBXBuildFile; fileRef = A36257852C024A60005268FC /* GestureStartView.swift */; };
		A36257882C024A7C005268FC /* GestureTrainingView.swift in Sources */ = {isa = PBXBuildFile; fileRef = A36257872C024A7B005268FC /* GestureTrainingView.swift */; };
		A362578A2C024A9D005268FC /* GestureSuccessView.swift in Sources */ = {isa = PBXBuildFile; fileRef = A36257892C024A9D005268FC /* GestureSuccessView.swift */; };
		A362578C2C024ABB005268FC /* FinishOnboardView.swift in Sources */ = {isa = PBXBuildFile; fileRef = A362578B2C024ABB005268FC /* FinishOnboardView.swift */; };
		A362578F2C024ADA005268FC /* MorseGuideView.swift in Sources */ = {isa = PBXBuildFile; fileRef = A362578E2C024ADA005268FC /* MorseGuideView.swift */; };
		A36257912C024AE8005268FC /* GestureRecapView.swift in Sources */ = {isa = PBXBuildFile; fileRef = A36257902C024AE8005268FC /* GestureRecapView.swift */; };
		A3817DD82BFEE7A00025E6E5 /* Telegraf_v2App.swift in Sources */ = {isa = PBXBuildFile; fileRef = A3817DD72BFEE7A00025E6E5 /* Telegraf_v2App.swift */; };
		A3817DDC2BFEE7A10025E6E5 /* Assets.xcassets in Resources */ = {isa = PBXBuildFile; fileRef = A3817DDB2BFEE7A10025E6E5 /* Assets.xcassets */; };
		A3817DE02BFEE7A10025E6E5 /* Preview Assets.xcassets in Resources */ = {isa = PBXBuildFile; fileRef = A3817DDF2BFEE7A10025E6E5 /* Preview Assets.xcassets */; };
		A3817DEA2BFEE7A10025E6E5 /* Telegraf_v2Tests.swift in Sources */ = {isa = PBXBuildFile; fileRef = A3817DE92BFEE7A10025E6E5 /* Telegraf_v2Tests.swift */; };
		A3817DF42BFEE7A10025E6E5 /* Telegraf_v2UITests.swift in Sources */ = {isa = PBXBuildFile; fileRef = A3817DF32BFEE7A10025E6E5 /* Telegraf_v2UITests.swift */; };
		A3817DF62BFEE7A10025E6E5 /* Telegraf_v2UITestsLaunchTests.swift in Sources */ = {isa = PBXBuildFile; fileRef = A3817DF52BFEE7A10025E6E5 /* Telegraf_v2UITestsLaunchTests.swift */; };
		A3817E032BFEE8280025E6E5 /* TelegrafMultipeerSession.swift in Sources */ = {isa = PBXBuildFile; fileRef = A3817E022BFEE8280025E6E5 /* TelegrafMultipeerSession.swift */; };
		A3817E072BFEE8310025E6E5 /* StartView.swift in Sources */ = {isa = PBXBuildFile; fileRef = A3817E042BFEE8310025E6E5 /* StartView.swift */; };
		A3817E082BFEE8310025E6E5 /* PairView.swift in Sources */ = {isa = PBXBuildFile; fileRef = A3817E052BFEE8310025E6E5 /* PairView.swift */; };
		A3817E0C2BFEEA0D0025E6E5 /* LandingView.swift in Sources */ = {isa = PBXBuildFile; fileRef = A3817E0A2BFEEA0D0025E6E5 /* LandingView.swift */; };
		A3817E0D2BFEEA0D0025E6E5 /* PlaygroundView.swift in Sources */ = {isa = PBXBuildFile; fileRef = A3817E0B2BFEEA0D0025E6E5 /* PlaygroundView.swift */; };
		A3817E0F2BFEEA120025E6E5 /* FontName.swift in Sources */ = {isa = PBXBuildFile; fileRef = A3817E0E2BFEEA120025E6E5 /* FontName.swift */; };
		A3817E152BFEEB3F0025E6E5 /* Lora-Italic-VariableFont_wght.ttf in Resources */ = {isa = PBXBuildFile; fileRef = A3817E122BFEEA200025E6E5 /* Lora-Italic-VariableFont_wght.ttf */; };
		A3817E162BFEEB420025E6E5 /* Lora-VariableFont_wght.ttf in Resources */ = {isa = PBXBuildFile; fileRef = A3817E112BFEEA200025E6E5 /* Lora-VariableFont_wght.ttf */; };
		A3817E172BFEEBAC0025E6E5 /* Lora-Italic-VariableFont_wght.ttf in Resources */ = {isa = PBXBuildFile; fileRef = A3817E122BFEEA200025E6E5 /* Lora-Italic-VariableFont_wght.ttf */; };
		A3817E182BFEEBAC0025E6E5 /* Lora-Italic-VariableFont_wght.ttf in Resources */ = {isa = PBXBuildFile; fileRef = A3817E122BFEEA200025E6E5 /* Lora-Italic-VariableFont_wght.ttf */; };
		A3817E192BFEEBAF0025E6E5 /* Lora-VariableFont_wght.ttf in Resources */ = {isa = PBXBuildFile; fileRef = A3817E112BFEEA200025E6E5 /* Lora-VariableFont_wght.ttf */; };
		A3817E1A2BFEEBB00025E6E5 /* Lora-VariableFont_wght.ttf in Resources */ = {isa = PBXBuildFile; fileRef = A3817E112BFEEA200025E6E5 /* Lora-VariableFont_wght.ttf */; };
		A3817E222BFEF0B80025E6E5 /* TransmitterView.swift in Sources */ = {isa = PBXBuildFile; fileRef = A3817E212BFEF0B80025E6E5 /* TransmitterView.swift */; };
		A3817E242BFEF11F0025E6E5 /* ReceiverView.swift in Sources */ = {isa = PBXBuildFile; fileRef = A3817E232BFEF11F0025E6E5 /* ReceiverView.swift */; };
		A3817E262BFEF1500025E6E5 /* CustomTabButton.swift in Sources */ = {isa = PBXBuildFile; fileRef = A3817E252BFEF1500025E6E5 /* CustomTabButton.swift */; };
		A3817E292BFEF5E70025E6E5 /* TabButton.swift in Sources */ = {isa = PBXBuildFile; fileRef = A3817E282BFEF5E70025E6E5 /* TabButton.swift */; };
/* End PBXBuildFile section */

/* Begin PBXContainerItemProxy section */
		A3817DE62BFEE7A10025E6E5 /* PBXContainerItemProxy */ = {
			isa = PBXContainerItemProxy;
			containerPortal = A3817DCC2BFEE7A00025E6E5 /* Project object */;
			proxyType = 1;
			remoteGlobalIDString = A3817DD32BFEE7A00025E6E5;
			remoteInfo = Telegraf_v2;
		};
		A3817DF02BFEE7A10025E6E5 /* PBXContainerItemProxy */ = {
			isa = PBXContainerItemProxy;
			containerPortal = A3817DCC2BFEE7A00025E6E5 /* Project object */;
			proxyType = 1;
			remoteGlobalIDString = A3817DD32BFEE7A00025E6E5;
			remoteInfo = Telegraf_v2;
		};
/* End PBXContainerItemProxy section */

/* Begin PBXFileReference section */
		A36257832C022D22005268FC /* OnboardDeviceView.swift */ = {isa = PBXFileReference; lastKnownFileType = sourcecode.swift; path = OnboardDeviceView.swift; sourceTree = "<group>"; };
		A36257852C024A60005268FC /* GestureStartView.swift */ = {isa = PBXFileReference; lastKnownFileType = sourcecode.swift; path = GestureStartView.swift; sourceTree = "<group>"; };
		A36257872C024A7B005268FC /* GestureTrainingView.swift */ = {isa = PBXFileReference; lastKnownFileType = sourcecode.swift; path = GestureTrainingView.swift; sourceTree = "<group>"; };
		A36257892C024A9D005268FC /* GestureSuccessView.swift */ = {isa = PBXFileReference; lastKnownFileType = sourcecode.swift; path = GestureSuccessView.swift; sourceTree = "<group>"; };
		A362578B2C024ABB005268FC /* FinishOnboardView.swift */ = {isa = PBXFileReference; lastKnownFileType = sourcecode.swift; path = FinishOnboardView.swift; sourceTree = "<group>"; };
		A362578E2C024ADA005268FC /* MorseGuideView.swift */ = {isa = PBXFileReference; lastKnownFileType = sourcecode.swift; path = MorseGuideView.swift; sourceTree = "<group>"; };
		A36257902C024AE8005268FC /* GestureRecapView.swift */ = {isa = PBXFileReference; lastKnownFileType = sourcecode.swift; path = GestureRecapView.swift; sourceTree = "<group>"; };
		A3817DD42BFEE7A00025E6E5 /* Telegraf_v2.app */ = {isa = PBXFileReference; explicitFileType = wrapper.application; includeInIndex = 0; path = Telegraf_v2.app; sourceTree = BUILT_PRODUCTS_DIR; };
		A3817DD72BFEE7A00025E6E5 /* Telegraf_v2App.swift */ = {isa = PBXFileReference; lastKnownFileType = sourcecode.swift; path = Telegraf_v2App.swift; sourceTree = "<group>"; };
		A3817DDB2BFEE7A10025E6E5 /* Assets.xcassets */ = {isa = PBXFileReference; lastKnownFileType = folder.assetcatalog; path = Assets.xcassets; sourceTree = "<group>"; };
		A3817DDD2BFEE7A10025E6E5 /* Telegraf_v2.entitlements */ = {isa = PBXFileReference; lastKnownFileType = text.plist.entitlements; path = Telegraf_v2.entitlements; sourceTree = "<group>"; };
		A3817DDF2BFEE7A10025E6E5 /* Preview Assets.xcassets */ = {isa = PBXFileReference; lastKnownFileType = folder.assetcatalog; path = "Preview Assets.xcassets"; sourceTree = "<group>"; };
		A3817DE52BFEE7A10025E6E5 /* Telegraf_v2Tests.xctest */ = {isa = PBXFileReference; explicitFileType = wrapper.cfbundle; includeInIndex = 0; path = Telegraf_v2Tests.xctest; sourceTree = BUILT_PRODUCTS_DIR; };
		A3817DE92BFEE7A10025E6E5 /* Telegraf_v2Tests.swift */ = {isa = PBXFileReference; lastKnownFileType = sourcecode.swift; path = Telegraf_v2Tests.swift; sourceTree = "<group>"; };
		A3817DEF2BFEE7A10025E6E5 /* Telegraf_v2UITests.xctest */ = {isa = PBXFileReference; explicitFileType = wrapper.cfbundle; includeInIndex = 0; path = Telegraf_v2UITests.xctest; sourceTree = BUILT_PRODUCTS_DIR; };
		A3817DF32BFEE7A10025E6E5 /* Telegraf_v2UITests.swift */ = {isa = PBXFileReference; lastKnownFileType = sourcecode.swift; path = Telegraf_v2UITests.swift; sourceTree = "<group>"; };
		A3817DF52BFEE7A10025E6E5 /* Telegraf_v2UITestsLaunchTests.swift */ = {isa = PBXFileReference; lastKnownFileType = sourcecode.swift; path = Telegraf_v2UITestsLaunchTests.swift; sourceTree = "<group>"; };
		A3817E022BFEE8280025E6E5 /* TelegrafMultipeerSession.swift */ = {isa = PBXFileReference; fileEncoding = 4; lastKnownFileType = sourcecode.swift; path = TelegrafMultipeerSession.swift; sourceTree = "<group>"; };
		A3817E042BFEE8310025E6E5 /* StartView.swift */ = {isa = PBXFileReference; fileEncoding = 4; lastKnownFileType = sourcecode.swift; path = StartView.swift; sourceTree = "<group>"; };
		A3817E052BFEE8310025E6E5 /* PairView.swift */ = {isa = PBXFileReference; fileEncoding = 4; lastKnownFileType = sourcecode.swift; path = PairView.swift; sourceTree = "<group>"; };
		A3817E0A2BFEEA0D0025E6E5 /* LandingView.swift */ = {isa = PBXFileReference; fileEncoding = 4; lastKnownFileType = sourcecode.swift; path = LandingView.swift; sourceTree = "<group>"; };
		A3817E0B2BFEEA0D0025E6E5 /* PlaygroundView.swift */ = {isa = PBXFileReference; fileEncoding = 4; lastKnownFileType = sourcecode.swift; path = PlaygroundView.swift; sourceTree = "<group>"; };
		A3817E0E2BFEEA120025E6E5 /* FontName.swift */ = {isa = PBXFileReference; fileEncoding = 4; lastKnownFileType = sourcecode.swift; path = FontName.swift; sourceTree = "<group>"; };
		A3817E112BFEEA200025E6E5 /* Lora-VariableFont_wght.ttf */ = {isa = PBXFileReference; lastKnownFileType = file; path = "Lora-VariableFont_wght.ttf"; sourceTree = "<group>"; };
		A3817E122BFEEA200025E6E5 /* Lora-Italic-VariableFont_wght.ttf */ = {isa = PBXFileReference; lastKnownFileType = file; path = "Lora-Italic-VariableFont_wght.ttf"; sourceTree = "<group>"; };
		A3817E1B2BFEED0D0025E6E5 /* Telegraf-v2-Info.plist */ = {isa = PBXFileReference; lastKnownFileType = text.plist; path = "Telegraf-v2-Info.plist"; sourceTree = SOURCE_ROOT; };
		A3817E212BFEF0B80025E6E5 /* TransmitterView.swift */ = {isa = PBXFileReference; lastKnownFileType = sourcecode.swift; path = TransmitterView.swift; sourceTree = "<group>"; };
		A3817E232BFEF11F0025E6E5 /* ReceiverView.swift */ = {isa = PBXFileReference; lastKnownFileType = sourcecode.swift; path = ReceiverView.swift; sourceTree = "<group>"; };
		A3817E252BFEF1500025E6E5 /* CustomTabButton.swift */ = {isa = PBXFileReference; lastKnownFileType = sourcecode.swift; path = CustomTabButton.swift; sourceTree = "<group>"; };
		A3817E282BFEF5E70025E6E5 /* TabButton.swift */ = {isa = PBXFileReference; lastKnownFileType = sourcecode.swift; path = TabButton.swift; sourceTree = "<group>"; };
/* End PBXFileReference section */

/* Begin PBXFrameworksBuildPhase section */
		A3817DD12BFEE7A00025E6E5 /* Frameworks */ = {
			isa = PBXFrameworksBuildPhase;
			buildActionMask = 2147483647;
			files = (
			);
			runOnlyForDeploymentPostprocessing = 0;
		};
		A3817DE22BFEE7A10025E6E5 /* Frameworks */ = {
			isa = PBXFrameworksBuildPhase;
			buildActionMask = 2147483647;
			files = (
			);
			runOnlyForDeploymentPostprocessing = 0;
		};
		A3817DEC2BFEE7A10025E6E5 /* Frameworks */ = {
			isa = PBXFrameworksBuildPhase;
			buildActionMask = 2147483647;
			files = (
			);
			runOnlyForDeploymentPostprocessing = 0;
		};
/* End PBXFrameworksBuildPhase section */

/* Begin PBXGroup section */
		A362578D2C024AC5005268FC /* Guide */ = {
			isa = PBXGroup;
			children = (
				A362578E2C024ADA005268FC /* MorseGuideView.swift */,
				A36257902C024AE8005268FC /* GestureRecapView.swift */,
			);
			path = Guide;
			sourceTree = "<group>";
		};
		A3817DCB2BFEE7A00025E6E5 = {
			isa = PBXGroup;
			children = (
				A3817DD62BFEE7A00025E6E5 /* Telegraf_v2 */,
				A3817DE82BFEE7A10025E6E5 /* Telegraf_v2Tests */,
				A3817DF22BFEE7A10025E6E5 /* Telegraf_v2UITests */,
				A3817DD52BFEE7A00025E6E5 /* Products */,
			);
			sourceTree = "<group>";
		};
		A3817DD52BFEE7A00025E6E5 /* Products */ = {
			isa = PBXGroup;
			children = (
				A3817DD42BFEE7A00025E6E5 /* Telegraf_v2.app */,
				A3817DE52BFEE7A10025E6E5 /* Telegraf_v2Tests.xctest */,
				A3817DEF2BFEE7A10025E6E5 /* Telegraf_v2UITests.xctest */,
			);
			name = Products;
			sourceTree = "<group>";
		};
		A3817DD62BFEE7A00025E6E5 /* Telegraf_v2 */ = {
			isa = PBXGroup;
			children = (
				A3817E272BFEF19C0025E6E5 /* SubView */,
				A3817E202BFEEE290025E6E5 /* Communication */,
				A3817E142BFEEAE50025E6E5 /* View */,
				A3817E132BFEEAAC0025E6E5 /* Util */,
				A3817E102BFEEA160025E6E5 /* Font */,
				A3817DD72BFEE7A00025E6E5 /* Telegraf_v2App.swift */,
				A3817DDB2BFEE7A10025E6E5 /* Assets.xcassets */,
				A3817DDD2BFEE7A10025E6E5 /* Telegraf_v2.entitlements */,
				A3817E1B2BFEED0D0025E6E5 /* Telegraf-v2-Info.plist */,
				A3817DDE2BFEE7A10025E6E5 /* Preview Content */,
			);
			path = Telegraf_v2;
			sourceTree = "<group>";
		};
		A3817DDE2BFEE7A10025E6E5 /* Preview Content */ = {
			isa = PBXGroup;
			children = (
				A3817DDF2BFEE7A10025E6E5 /* Preview Assets.xcassets */,
			);
			path = "Preview Content";
			sourceTree = "<group>";
		};
		A3817DE82BFEE7A10025E6E5 /* Telegraf_v2Tests */ = {
			isa = PBXGroup;
			children = (
				A3817DE92BFEE7A10025E6E5 /* Telegraf_v2Tests.swift */,
			);
			path = Telegraf_v2Tests;
			sourceTree = "<group>";
		};
		A3817DF22BFEE7A10025E6E5 /* Telegraf_v2UITests */ = {
			isa = PBXGroup;
			children = (
				A3817DF32BFEE7A10025E6E5 /* Telegraf_v2UITests.swift */,
				A3817DF52BFEE7A10025E6E5 /* Telegraf_v2UITestsLaunchTests.swift */,
			);
			path = Telegraf_v2UITests;
			sourceTree = "<group>";
		};
		A3817E102BFEEA160025E6E5 /* Font */ = {
			isa = PBXGroup;
			children = (
				A3817E122BFEEA200025E6E5 /* Lora-Italic-VariableFont_wght.ttf */,
				A3817E112BFEEA200025E6E5 /* Lora-VariableFont_wght.ttf */,
			);
			path = Font;
			sourceTree = "<group>";
		};
		A3817E132BFEEAAC0025E6E5 /* Util */ = {
			isa = PBXGroup;
			children = (
				A3817E0E2BFEEA120025E6E5 /* FontName.swift */,
				A3817E282BFEF5E70025E6E5 /* TabButton.swift */,
			);
			path = Util;
			sourceTree = "<group>";
		};
		A3817E142BFEEAE50025E6E5 /* View */ = {
			isa = PBXGroup;
			children = (
				A362578D2C024AC5005268FC /* Guide */,
				A3817E1E2BFEEDE10025E6E5 /* Onboard */,
				A3817E1D2BFEEDDA0025E6E5 /* Start */,
				A3817E1C2BFEEDCE0025E6E5 /* Playground */,
			);
			path = View;
			sourceTree = "<group>";
		};
		A3817E1C2BFEEDCE0025E6E5 /* Playground */ = {
			isa = PBXGroup;
			children = (
				A3817E0B2BFEEA0D0025E6E5 /* PlaygroundView.swift */,
				A3817E212BFEF0B80025E6E5 /* TransmitterView.swift */,
				A3817E232BFEF11F0025E6E5 /* ReceiverView.swift */,
				A3817E052BFEE8310025E6E5 /* PairView.swift */,
			);
			path = Playground;
			sourceTree = "<group>";
		};
		A3817E1D2BFEEDDA0025E6E5 /* Start */ = {
			isa = PBXGroup;
			children = (
				A3817E0A2BFEEA0D0025E6E5 /* LandingView.swift */,
				A3817E042BFEE8310025E6E5 /* StartView.swift */,
			);
			path = Start;
			sourceTree = "<group>";
		};
		A3817E1E2BFEEDE10025E6E5 /* Onboard */ = {
			isa = PBXGroup;
			children = (
				A36257832C022D22005268FC /* OnboardDeviceView.swift */,
				A36257852C024A60005268FC /* GestureStartView.swift */,
				A36257872C024A7B005268FC /* GestureTrainingView.swift */,
				A36257892C024A9D005268FC /* GestureSuccessView.swift */,
				A362578B2C024ABB005268FC /* FinishOnboardView.swift */,
			);
			path = Onboard;
			sourceTree = "<group>";
		};
		A3817E202BFEEE290025E6E5 /* Communication */ = {
			isa = PBXGroup;
			children = (
				A3817E022BFEE8280025E6E5 /* TelegrafMultipeerSession.swift */,
			);
			path = Communication;
			sourceTree = "<group>";
		};
		A3817E272BFEF19C0025E6E5 /* SubView */ = {
			isa = PBXGroup;
			children = (
				A3817E252BFEF1500025E6E5 /* CustomTabButton.swift */,
			);
			path = SubView;
			sourceTree = "<group>";
		};
/* End PBXGroup section */

/* Begin PBXNativeTarget section */
		A3817DD32BFEE7A00025E6E5 /* Telegraf_v2 */ = {
			isa = PBXNativeTarget;
			buildConfigurationList = A3817DF92BFEE7A10025E6E5 /* Build configuration list for PBXNativeTarget "Telegraf_v2" */;
			buildPhases = (
				A3817DD02BFEE7A00025E6E5 /* Sources */,
				A3817DD12BFEE7A00025E6E5 /* Frameworks */,
				A3817DD22BFEE7A00025E6E5 /* Resources */,
			);
			buildRules = (
			);
			dependencies = (
			);
			name = Telegraf_v2;
			productName = Telegraf_v2;
			productReference = A3817DD42BFEE7A00025E6E5 /* Telegraf_v2.app */;
			productType = "com.apple.product-type.application";
		};
		A3817DE42BFEE7A10025E6E5 /* Telegraf_v2Tests */ = {
			isa = PBXNativeTarget;
			buildConfigurationList = A3817DFC2BFEE7A10025E6E5 /* Build configuration list for PBXNativeTarget "Telegraf_v2Tests" */;
			buildPhases = (
				A3817DE12BFEE7A10025E6E5 /* Sources */,
				A3817DE22BFEE7A10025E6E5 /* Frameworks */,
				A3817DE32BFEE7A10025E6E5 /* Resources */,
			);
			buildRules = (
			);
			dependencies = (
				A3817DE72BFEE7A10025E6E5 /* PBXTargetDependency */,
			);
			name = Telegraf_v2Tests;
			productName = Telegraf_v2Tests;
			productReference = A3817DE52BFEE7A10025E6E5 /* Telegraf_v2Tests.xctest */;
			productType = "com.apple.product-type.bundle.unit-test";
		};
		A3817DEE2BFEE7A10025E6E5 /* Telegraf_v2UITests */ = {
			isa = PBXNativeTarget;
			buildConfigurationList = A3817DFF2BFEE7A10025E6E5 /* Build configuration list for PBXNativeTarget "Telegraf_v2UITests" */;
			buildPhases = (
				A3817DEB2BFEE7A10025E6E5 /* Sources */,
				A3817DEC2BFEE7A10025E6E5 /* Frameworks */,
				A3817DED2BFEE7A10025E6E5 /* Resources */,
			);
			buildRules = (
			);
			dependencies = (
				A3817DF12BFEE7A10025E6E5 /* PBXTargetDependency */,
			);
			name = Telegraf_v2UITests;
			productName = Telegraf_v2UITests;
			productReference = A3817DEF2BFEE7A10025E6E5 /* Telegraf_v2UITests.xctest */;
			productType = "com.apple.product-type.bundle.ui-testing";
		};
/* End PBXNativeTarget section */

/* Begin PBXProject section */
		A3817DCC2BFEE7A00025E6E5 /* Project object */ = {
			isa = PBXProject;
			attributes = {
				BuildIndependentTargetsInParallel = 1;
				LastSwiftUpdateCheck = 1530;
				LastUpgradeCheck = 1530;
				TargetAttributes = {
					A3817DD32BFEE7A00025E6E5 = {
						CreatedOnToolsVersion = 15.3;
					};
					A3817DE42BFEE7A10025E6E5 = {
						CreatedOnToolsVersion = 15.3;
						TestTargetID = A3817DD32BFEE7A00025E6E5;
					};
					A3817DEE2BFEE7A10025E6E5 = {
						CreatedOnToolsVersion = 15.3;
						TestTargetID = A3817DD32BFEE7A00025E6E5;
					};
				};
			};
			buildConfigurationList = A3817DCF2BFEE7A00025E6E5 /* Build configuration list for PBXProject "Telegraf_v2" */;
			compatibilityVersion = "Xcode 14.0";
			developmentRegion = en;
			hasScannedForEncodings = 0;
			knownRegions = (
				en,
				Base,
			);
			mainGroup = A3817DCB2BFEE7A00025E6E5;
			productRefGroup = A3817DD52BFEE7A00025E6E5 /* Products */;
			projectDirPath = "";
			projectRoot = "";
			targets = (
				A3817DD32BFEE7A00025E6E5 /* Telegraf_v2 */,
				A3817DE42BFEE7A10025E6E5 /* Telegraf_v2Tests */,
				A3817DEE2BFEE7A10025E6E5 /* Telegraf_v2UITests */,
			);
		};
/* End PBXProject section */

/* Begin PBXResourcesBuildPhase section */
		A3817DD22BFEE7A00025E6E5 /* Resources */ = {
			isa = PBXResourcesBuildPhase;
			buildActionMask = 2147483647;
			files = (
				A3817DE02BFEE7A10025E6E5 /* Preview Assets.xcassets in Resources */,
				A3817E152BFEEB3F0025E6E5 /* Lora-Italic-VariableFont_wght.ttf in Resources */,
				A3817DDC2BFEE7A10025E6E5 /* Assets.xcassets in Resources */,
				A3817E162BFEEB420025E6E5 /* Lora-VariableFont_wght.ttf in Resources */,
			);
			runOnlyForDeploymentPostprocessing = 0;
		};
		A3817DE32BFEE7A10025E6E5 /* Resources */ = {
			isa = PBXResourcesBuildPhase;
			buildActionMask = 2147483647;
			files = (
				A3817E172BFEEBAC0025E6E5 /* Lora-Italic-VariableFont_wght.ttf in Resources */,
				A3817E192BFEEBAF0025E6E5 /* Lora-VariableFont_wght.ttf in Resources */,
			);
			runOnlyForDeploymentPostprocessing = 0;
		};
		A3817DED2BFEE7A10025E6E5 /* Resources */ = {
			isa = PBXResourcesBuildPhase;
			buildActionMask = 2147483647;
			files = (
				A3817E182BFEEBAC0025E6E5 /* Lora-Italic-VariableFont_wght.ttf in Resources */,
				A3817E1A2BFEEBB00025E6E5 /* Lora-VariableFont_wght.ttf in Resources */,
			);
			runOnlyForDeploymentPostprocessing = 0;
		};
/* End PBXResourcesBuildPhase section */

/* Begin PBXSourcesBuildPhase section */
		A3817DD02BFEE7A00025E6E5 /* Sources */ = {
			isa = PBXSourcesBuildPhase;
			buildActionMask = 2147483647;
			files = (
				A36257912C024AE8005268FC /* GestureRecapView.swift in Sources */,
				A3817E262BFEF1500025E6E5 /* CustomTabButton.swift in Sources */,
				A3817E0D2BFEEA0D0025E6E5 /* PlaygroundView.swift in Sources */,
				A36257862C024A60005268FC /* GestureStartView.swift in Sources */,
				A362578C2C024ABB005268FC /* FinishOnboardView.swift in Sources */,
				A3817E082BFEE8310025E6E5 /* PairView.swift in Sources */,
				A3817E032BFEE8280025E6E5 /* TelegrafMultipeerSession.swift in Sources */,
				A3817E0F2BFEEA120025E6E5 /* FontName.swift in Sources */,
				A3817E0C2BFEEA0D0025E6E5 /* LandingView.swift in Sources */,
				A3817DD82BFEE7A00025E6E5 /* Telegraf_v2App.swift in Sources */,
				A3817E242BFEF11F0025E6E5 /* ReceiverView.swift in Sources */,
				A3817E292BFEF5E70025E6E5 /* TabButton.swift in Sources */,
				A3817E072BFEE8310025E6E5 /* StartView.swift in Sources */,
				A36257842C022D22005268FC /* OnboardDeviceView.swift in Sources */,
				A362578F2C024ADA005268FC /* MorseGuideView.swift in Sources */,
				A362578A2C024A9D005268FC /* GestureSuccessView.swift in Sources */,
				A36257882C024A7C005268FC /* GestureTrainingView.swift in Sources */,
				A3817E222BFEF0B80025E6E5 /* TransmitterView.swift in Sources */,
			);
			runOnlyForDeploymentPostprocessing = 0;
		};
		A3817DE12BFEE7A10025E6E5 /* Sources */ = {
			isa = PBXSourcesBuildPhase;
			buildActionMask = 2147483647;
			files = (
				A3817DEA2BFEE7A10025E6E5 /* Telegraf_v2Tests.swift in Sources */,
			);
			runOnlyForDeploymentPostprocessing = 0;
		};
		A3817DEB2BFEE7A10025E6E5 /* Sources */ = {
			isa = PBXSourcesBuildPhase;
			buildActionMask = 2147483647;
			files = (
				A3817DF62BFEE7A10025E6E5 /* Telegraf_v2UITestsLaunchTests.swift in Sources */,
				A3817DF42BFEE7A10025E6E5 /* Telegraf_v2UITests.swift in Sources */,
			);
			runOnlyForDeploymentPostprocessing = 0;
		};
/* End PBXSourcesBuildPhase section */

/* Begin PBXTargetDependency section */
		A3817DE72BFEE7A10025E6E5 /* PBXTargetDependency */ = {
			isa = PBXTargetDependency;
			target = A3817DD32BFEE7A00025E6E5 /* Telegraf_v2 */;
			targetProxy = A3817DE62BFEE7A10025E6E5 /* PBXContainerItemProxy */;
		};
		A3817DF12BFEE7A10025E6E5 /* PBXTargetDependency */ = {
			isa = PBXTargetDependency;
			target = A3817DD32BFEE7A00025E6E5 /* Telegraf_v2 */;
			targetProxy = A3817DF02BFEE7A10025E6E5 /* PBXContainerItemProxy */;
		};
/* End PBXTargetDependency section */

/* Begin XCBuildConfiguration section */
		A3817DF72BFEE7A10025E6E5 /* Debug */ = {
			isa = XCBuildConfiguration;
			buildSettings = {
				ALWAYS_SEARCH_USER_PATHS = NO;
				ASSETCATALOG_COMPILER_GENERATE_SWIFT_ASSET_SYMBOL_EXTENSIONS = YES;
				CLANG_ANALYZER_NONNULL = YES;
				CLANG_ANALYZER_NUMBER_OBJECT_CONVERSION = YES_AGGRESSIVE;
				CLANG_CXX_LANGUAGE_STANDARD = "gnu++20";
				CLANG_ENABLE_MODULES = YES;
				CLANG_ENABLE_OBJC_ARC = YES;
				CLANG_ENABLE_OBJC_WEAK = YES;
				CLANG_WARN_BLOCK_CAPTURE_AUTORELEASING = YES;
				CLANG_WARN_BOOL_CONVERSION = YES;
				CLANG_WARN_COMMA = YES;
				CLANG_WARN_CONSTANT_CONVERSION = YES;
				CLANG_WARN_DEPRECATED_OBJC_IMPLEMENTATIONS = YES;
				CLANG_WARN_DIRECT_OBJC_ISA_USAGE = YES_ERROR;
				CLANG_WARN_DOCUMENTATION_COMMENTS = YES;
				CLANG_WARN_EMPTY_BODY = YES;
				CLANG_WARN_ENUM_CONVERSION = YES;
				CLANG_WARN_INFINITE_RECURSION = YES;
				CLANG_WARN_INT_CONVERSION = YES;
				CLANG_WARN_NON_LITERAL_NULL_CONVERSION = YES;
				CLANG_WARN_OBJC_IMPLICIT_RETAIN_SELF = YES;
				CLANG_WARN_OBJC_LITERAL_CONVERSION = YES;
				CLANG_WARN_OBJC_ROOT_CLASS = YES_ERROR;
				CLANG_WARN_QUOTED_INCLUDE_IN_FRAMEWORK_HEADER = YES;
				CLANG_WARN_RANGE_LOOP_ANALYSIS = YES;
				CLANG_WARN_STRICT_PROTOTYPES = YES;
				CLANG_WARN_SUSPICIOUS_MOVE = YES;
				CLANG_WARN_UNGUARDED_AVAILABILITY = YES_AGGRESSIVE;
				CLANG_WARN_UNREACHABLE_CODE = YES;
				CLANG_WARN__DUPLICATE_METHOD_MATCH = YES;
				COPY_PHASE_STRIP = NO;
				DEBUG_INFORMATION_FORMAT = dwarf;
				ENABLE_STRICT_OBJC_MSGSEND = YES;
				ENABLE_TESTABILITY = YES;
				ENABLE_USER_SCRIPT_SANDBOXING = YES;
				GCC_C_LANGUAGE_STANDARD = gnu17;
				GCC_DYNAMIC_NO_PIC = NO;
				GCC_NO_COMMON_BLOCKS = YES;
				GCC_OPTIMIZATION_LEVEL = 0;
				GCC_PREPROCESSOR_DEFINITIONS = (
					"DEBUG=1",
					"$(inherited)",
				);
				GCC_WARN_64_TO_32_BIT_CONVERSION = YES;
				GCC_WARN_ABOUT_RETURN_TYPE = YES_ERROR;
				GCC_WARN_UNDECLARED_SELECTOR = YES;
				GCC_WARN_UNINITIALIZED_AUTOS = YES_AGGRESSIVE;
				GCC_WARN_UNUSED_FUNCTION = YES;
				GCC_WARN_UNUSED_VARIABLE = YES;
				LOCALIZATION_PREFERS_STRING_CATALOGS = YES;
				MTL_ENABLE_DEBUG_INFO = INCLUDE_SOURCE;
				MTL_FAST_MATH = YES;
				ONLY_ACTIVE_ARCH = YES;
				SWIFT_ACTIVE_COMPILATION_CONDITIONS = "DEBUG $(inherited)";
				SWIFT_OPTIMIZATION_LEVEL = "-Onone";
			};
			name = Debug;
		};
		A3817DF82BFEE7A10025E6E5 /* Release */ = {
			isa = XCBuildConfiguration;
			buildSettings = {
				ALWAYS_SEARCH_USER_PATHS = NO;
				ASSETCATALOG_COMPILER_GENERATE_SWIFT_ASSET_SYMBOL_EXTENSIONS = YES;
				CLANG_ANALYZER_NONNULL = YES;
				CLANG_ANALYZER_NUMBER_OBJECT_CONVERSION = YES_AGGRESSIVE;
				CLANG_CXX_LANGUAGE_STANDARD = "gnu++20";
				CLANG_ENABLE_MODULES = YES;
				CLANG_ENABLE_OBJC_ARC = YES;
				CLANG_ENABLE_OBJC_WEAK = YES;
				CLANG_WARN_BLOCK_CAPTURE_AUTORELEASING = YES;
				CLANG_WARN_BOOL_CONVERSION = YES;
				CLANG_WARN_COMMA = YES;
				CLANG_WARN_CONSTANT_CONVERSION = YES;
				CLANG_WARN_DEPRECATED_OBJC_IMPLEMENTATIONS = YES;
				CLANG_WARN_DIRECT_OBJC_ISA_USAGE = YES_ERROR;
				CLANG_WARN_DOCUMENTATION_COMMENTS = YES;
				CLANG_WARN_EMPTY_BODY = YES;
				CLANG_WARN_ENUM_CONVERSION = YES;
				CLANG_WARN_INFINITE_RECURSION = YES;
				CLANG_WARN_INT_CONVERSION = YES;
				CLANG_WARN_NON_LITERAL_NULL_CONVERSION = YES;
				CLANG_WARN_OBJC_IMPLICIT_RETAIN_SELF = YES;
				CLANG_WARN_OBJC_LITERAL_CONVERSION = YES;
				CLANG_WARN_OBJC_ROOT_CLASS = YES_ERROR;
				CLANG_WARN_QUOTED_INCLUDE_IN_FRAMEWORK_HEADER = YES;
				CLANG_WARN_RANGE_LOOP_ANALYSIS = YES;
				CLANG_WARN_STRICT_PROTOTYPES = YES;
				CLANG_WARN_SUSPICIOUS_MOVE = YES;
				CLANG_WARN_UNGUARDED_AVAILABILITY = YES_AGGRESSIVE;
				CLANG_WARN_UNREACHABLE_CODE = YES;
				CLANG_WARN__DUPLICATE_METHOD_MATCH = YES;
				COPY_PHASE_STRIP = NO;
				DEBUG_INFORMATION_FORMAT = "dwarf-with-dsym";
				ENABLE_NS_ASSERTIONS = NO;
				ENABLE_STRICT_OBJC_MSGSEND = YES;
				ENABLE_USER_SCRIPT_SANDBOXING = YES;
				GCC_C_LANGUAGE_STANDARD = gnu17;
				GCC_NO_COMMON_BLOCKS = YES;
				GCC_WARN_64_TO_32_BIT_CONVERSION = YES;
				GCC_WARN_ABOUT_RETURN_TYPE = YES_ERROR;
				GCC_WARN_UNDECLARED_SELECTOR = YES;
				GCC_WARN_UNINITIALIZED_AUTOS = YES_AGGRESSIVE;
				GCC_WARN_UNUSED_FUNCTION = YES;
				GCC_WARN_UNUSED_VARIABLE = YES;
				LOCALIZATION_PREFERS_STRING_CATALOGS = YES;
				MTL_ENABLE_DEBUG_INFO = NO;
				MTL_FAST_MATH = YES;
				SWIFT_COMPILATION_MODE = wholemodule;
			};
			name = Release;
		};
		A3817DFA2BFEE7A10025E6E5 /* Debug */ = {
			isa = XCBuildConfiguration;
			buildSettings = {
				ASSETCATALOG_COMPILER_APPICON_NAME = AppIcon;
				ASSETCATALOG_COMPILER_GLOBAL_ACCENT_COLOR_NAME = AccentColor;
				CODE_SIGN_ENTITLEMENTS = Telegraf_v2/Telegraf_v2.entitlements;
				CODE_SIGN_STYLE = Automatic;
				CURRENT_PROJECT_VERSION = 1;
				DEVELOPMENT_ASSET_PATHS = "\"Telegraf_v2/Preview Content\"";
				DEVELOPMENT_TEAM = 76R68ZMQGR;
				ENABLE_HARDENED_RUNTIME = YES;
				ENABLE_PREVIEWS = YES;
				GENERATE_INFOPLIST_FILE = YES;
				INFOPLIST_FILE = "Telegraf-v2-Info.plist";
				"INFOPLIST_KEY_UIApplicationSceneManifest_Generation[sdk=iphoneos*]" = YES;
				"INFOPLIST_KEY_UIApplicationSceneManifest_Generation[sdk=iphonesimulator*]" = YES;
				"INFOPLIST_KEY_UIApplicationSupportsIndirectInputEvents[sdk=iphoneos*]" = YES;
				"INFOPLIST_KEY_UIApplicationSupportsIndirectInputEvents[sdk=iphonesimulator*]" = YES;
				"INFOPLIST_KEY_UILaunchScreen_Generation[sdk=iphoneos*]" = YES;
				"INFOPLIST_KEY_UILaunchScreen_Generation[sdk=iphonesimulator*]" = YES;
				"INFOPLIST_KEY_UIStatusBarStyle[sdk=iphoneos*]" = UIStatusBarStyleDefault;
				"INFOPLIST_KEY_UIStatusBarStyle[sdk=iphonesimulator*]" = UIStatusBarStyleDefault;
				INFOPLIST_KEY_UISupportedInterfaceOrientations_iPad = "UIInterfaceOrientationPortrait UIInterfaceOrientationPortraitUpsideDown UIInterfaceOrientationLandscapeLeft UIInterfaceOrientationLandscapeRight";
				INFOPLIST_KEY_UISupportedInterfaceOrientations_iPhone = "UIInterfaceOrientationPortrait UIInterfaceOrientationLandscapeLeft UIInterfaceOrientationLandscapeRight";
				IPHONEOS_DEPLOYMENT_TARGET = 16.0;
				LD_RUNPATH_SEARCH_PATHS = "@executable_path/Frameworks";
				"LD_RUNPATH_SEARCH_PATHS[sdk=macosx*]" = "@executable_path/../Frameworks";
				MACOSX_DEPLOYMENT_TARGET = "$(RECOMMENDED_MACOSX_DEPLOYMENT_TARGET)";
				MARKETING_VERSION = 1.0;
				PRODUCT_BUNDLE_IDENTIFIER = "natasharadika.Telegraf-v2";
				PRODUCT_NAME = "$(TARGET_NAME)";
				SDKROOT = auto;
				SUPPORTED_PLATFORMS = "iphoneos iphonesimulator macosx";
				SWIFT_EMIT_LOC_STRINGS = YES;
				SWIFT_VERSION = 5.0;
				TARGETED_DEVICE_FAMILY = "1,2";
			};
			name = Debug;
		};
		A3817DFB2BFEE7A10025E6E5 /* Release */ = {
			isa = XCBuildConfiguration;
			buildSettings = {
				ASSETCATALOG_COMPILER_APPICON_NAME = AppIcon;
				ASSETCATALOG_COMPILER_GLOBAL_ACCENT_COLOR_NAME = AccentColor;
				CODE_SIGN_ENTITLEMENTS = Telegraf_v2/Telegraf_v2.entitlements;
				CODE_SIGN_STYLE = Automatic;
				CURRENT_PROJECT_VERSION = 1;
				DEVELOPMENT_ASSET_PATHS = "\"Telegraf_v2/Preview Content\"";
				DEVELOPMENT_TEAM = 76R68ZMQGR;
				ENABLE_HARDENED_RUNTIME = YES;
				ENABLE_PREVIEWS = YES;
				GENERATE_INFOPLIST_FILE = YES;
				INFOPLIST_FILE = "Telegraf-v2-Info.plist";
				"INFOPLIST_KEY_UIApplicationSceneManifest_Generation[sdk=iphoneos*]" = YES;
				"INFOPLIST_KEY_UIApplicationSceneManifest_Generation[sdk=iphonesimulator*]" = YES;
				"INFOPLIST_KEY_UIApplicationSupportsIndirectInputEvents[sdk=iphoneos*]" = YES;
				"INFOPLIST_KEY_UIApplicationSupportsIndirectInputEvents[sdk=iphonesimulator*]" = YES;
				"INFOPLIST_KEY_UILaunchScreen_Generation[sdk=iphoneos*]" = YES;
				"INFOPLIST_KEY_UILaunchScreen_Generation[sdk=iphonesimulator*]" = YES;
				"INFOPLIST_KEY_UIStatusBarStyle[sdk=iphoneos*]" = UIStatusBarStyleDefault;
				"INFOPLIST_KEY_UIStatusBarStyle[sdk=iphonesimulator*]" = UIStatusBarStyleDefault;
				INFOPLIST_KEY_UISupportedInterfaceOrientations_iPad = "UIInterfaceOrientationPortrait UIInterfaceOrientationPortraitUpsideDown UIInterfaceOrientationLandscapeLeft UIInterfaceOrientationLandscapeRight";
				INFOPLIST_KEY_UISupportedInterfaceOrientations_iPhone = "UIInterfaceOrientationPortrait UIInterfaceOrientationLandscapeLeft UIInterfaceOrientationLandscapeRight";
				IPHONEOS_DEPLOYMENT_TARGET = 16.0;
				LD_RUNPATH_SEARCH_PATHS = "@executable_path/Frameworks";
				"LD_RUNPATH_SEARCH_PATHS[sdk=macosx*]" = "@executable_path/../Frameworks";
				MACOSX_DEPLOYMENT_TARGET = "$(RECOMMENDED_MACOSX_DEPLOYMENT_TARGET)";
				MARKETING_VERSION = 1.0;
				PRODUCT_BUNDLE_IDENTIFIER = "natasharadika.Telegraf-v2";
				PRODUCT_NAME = "$(TARGET_NAME)";
				SDKROOT = auto;
				SUPPORTED_PLATFORMS = "iphoneos iphonesimulator macosx";
				SWIFT_EMIT_LOC_STRINGS = YES;
				SWIFT_VERSION = 5.0;
				TARGETED_DEVICE_FAMILY = "1,2";
			};
			name = Release;
		};
		A3817DFD2BFEE7A10025E6E5 /* Debug */ = {
			isa = XCBuildConfiguration;
			buildSettings = {
				ALWAYS_EMBED_SWIFT_STANDARD_LIBRARIES = YES;
				BUNDLE_LOADER = "$(TEST_HOST)";
				CODE_SIGN_STYLE = Automatic;
				CURRENT_PROJECT_VERSION = 1;
				DEVELOPMENT_TEAM = 76R68ZMQGR;
				GENERATE_INFOPLIST_FILE = YES;
				IPHONEOS_DEPLOYMENT_TARGET = 17.4;
				MACOSX_DEPLOYMENT_TARGET = 14.0;
				MARKETING_VERSION = 1.0;
				PRODUCT_BUNDLE_IDENTIFIER = "natasharadika.Telegraf-v2Tests";
				PRODUCT_NAME = "$(TARGET_NAME)";
				SDKROOT = auto;
				SUPPORTED_PLATFORMS = "iphoneos iphonesimulator macosx";
				SWIFT_EMIT_LOC_STRINGS = NO;
				SWIFT_VERSION = 5.0;
				TARGETED_DEVICE_FAMILY = "1,2";
				TEST_HOST = "$(BUILT_PRODUCTS_DIR)/Telegraf_v2.app/$(BUNDLE_EXECUTABLE_FOLDER_PATH)/Telegraf_v2";
			};
			name = Debug;
		};
		A3817DFE2BFEE7A10025E6E5 /* Release */ = {
			isa = XCBuildConfiguration;
			buildSettings = {
				ALWAYS_EMBED_SWIFT_STANDARD_LIBRARIES = YES;
				BUNDLE_LOADER = "$(TEST_HOST)";
				CODE_SIGN_STYLE = Automatic;
				CURRENT_PROJECT_VERSION = 1;
				DEVELOPMENT_TEAM = 76R68ZMQGR;
				GENERATE_INFOPLIST_FILE = YES;
				IPHONEOS_DEPLOYMENT_TARGET = 17.4;
				MACOSX_DEPLOYMENT_TARGET = 14.0;
				MARKETING_VERSION = 1.0;
				PRODUCT_BUNDLE_IDENTIFIER = "natasharadika.Telegraf-v2Tests";
				PRODUCT_NAME = "$(TARGET_NAME)";
				SDKROOT = auto;
				SUPPORTED_PLATFORMS = "iphoneos iphonesimulator macosx";
				SWIFT_EMIT_LOC_STRINGS = NO;
				SWIFT_VERSION = 5.0;
				TARGETED_DEVICE_FAMILY = "1,2";
				TEST_HOST = "$(BUILT_PRODUCTS_DIR)/Telegraf_v2.app/$(BUNDLE_EXECUTABLE_FOLDER_PATH)/Telegraf_v2";
			};
			name = Release;
		};
		A3817E002BFEE7A10025E6E5 /* Debug */ = {
			isa = XCBuildConfiguration;
			buildSettings = {
				ALWAYS_EMBED_SWIFT_STANDARD_LIBRARIES = YES;
				CODE_SIGN_STYLE = Automatic;
				CURRENT_PROJECT_VERSION = 1;
				DEVELOPMENT_TEAM = 76R68ZMQGR;
				GENERATE_INFOPLIST_FILE = YES;
				IPHONEOS_DEPLOYMENT_TARGET = 17.4;
				MACOSX_DEPLOYMENT_TARGET = 14.0;
				MARKETING_VERSION = 1.0;
				PRODUCT_BUNDLE_IDENTIFIER = "natasharadika.Telegraf-v2UITests";
				PRODUCT_NAME = "$(TARGET_NAME)";
				SDKROOT = auto;
				SUPPORTED_PLATFORMS = "iphoneos iphonesimulator macosx";
				SWIFT_EMIT_LOC_STRINGS = NO;
				SWIFT_VERSION = 5.0;
				TARGETED_DEVICE_FAMILY = "1,2";
				TEST_TARGET_NAME = Telegraf_v2;
			};
			name = Debug;
		};
		A3817E012BFEE7A10025E6E5 /* Release */ = {
			isa = XCBuildConfiguration;
			buildSettings = {
				ALWAYS_EMBED_SWIFT_STANDARD_LIBRARIES = YES;
				CODE_SIGN_STYLE = Automatic;
				CURRENT_PROJECT_VERSION = 1;
				DEVELOPMENT_TEAM = 76R68ZMQGR;
				GENERATE_INFOPLIST_FILE = YES;
				IPHONEOS_DEPLOYMENT_TARGET = 17.4;
				MACOSX_DEPLOYMENT_TARGET = 14.0;
				MARKETING_VERSION = 1.0;
				PRODUCT_BUNDLE_IDENTIFIER = "natasharadika.Telegraf-v2UITests";
				PRODUCT_NAME = "$(TARGET_NAME)";
				SDKROOT = auto;
				SUPPORTED_PLATFORMS = "iphoneos iphonesimulator macosx";
				SWIFT_EMIT_LOC_STRINGS = NO;
				SWIFT_VERSION = 5.0;
				TARGETED_DEVICE_FAMILY = "1,2";
				TEST_TARGET_NAME = Telegraf_v2;
			};
			name = Release;
		};
/* End XCBuildConfiguration section */

/* Begin XCConfigurationList section */
		A3817DCF2BFEE7A00025E6E5 /* Build configuration list for PBXProject "Telegraf_v2" */ = {
			isa = XCConfigurationList;
			buildConfigurations = (
				A3817DF72BFEE7A10025E6E5 /* Debug */,
				A3817DF82BFEE7A10025E6E5 /* Release */,
			);
			defaultConfigurationIsVisible = 0;
			defaultConfigurationName = Release;
		};
		A3817DF92BFEE7A10025E6E5 /* Build configuration list for PBXNativeTarget "Telegraf_v2" */ = {
			isa = XCConfigurationList;
			buildConfigurations = (
				A3817DFA2BFEE7A10025E6E5 /* Debug */,
				A3817DFB2BFEE7A10025E6E5 /* Release */,
			);
			defaultConfigurationIsVisible = 0;
			defaultConfigurationName = Release;
		};
		A3817DFC2BFEE7A10025E6E5 /* Build configuration list for PBXNativeTarget "Telegraf_v2Tests" */ = {
			isa = XCConfigurationList;
			buildConfigurations = (
				A3817DFD2BFEE7A10025E6E5 /* Debug */,
				A3817DFE2BFEE7A10025E6E5 /* Release */,
			);
			defaultConfigurationIsVisible = 0;
			defaultConfigurationName = Release;
		};
		A3817DFF2BFEE7A10025E6E5 /* Build configuration list for PBXNativeTarget "Telegraf_v2UITests" */ = {
			isa = XCConfigurationList;
			buildConfigurations = (
				A3817E002BFEE7A10025E6E5 /* Debug */,
				A3817E012BFEE7A10025E6E5 /* Release */,
			);
			defaultConfigurationIsVisible = 0;
			defaultConfigurationName = Release;
		};
/* End XCConfigurationList section */
	};
	rootObject = A3817DCC2BFEE7A00025E6E5 /* Project object */;
}
